{
  "name": "client",
  "version": "0.1.0",
  "lockfileVersion": 1,
  "requires": true,
  "dependencies": {
    "express-session": {
      "version": "1.15.6",
      "resolved": "https://registry.npmjs.org/express-session/-/express-session-1.15.6.tgz",
      "integrity": "sha512-r0nrHTCYtAMrFwZ0kBzZEXa1vtPVrw0dKvGSrKP4dahwBQ1BJpF2/y1Pp4sCD/0kvxV4zZeclyvfmw0B4RMJQA=="
    },
    "react": {
      "version": "16.2.0",
      "resolved": "https://registry.npmjs.org/react/-/react-16.2.0.tgz",
      "integrity": "sha512-ZmIomM7EE1DvPEnSFAHZn9Vs9zJl5A9H7el0EGTE6ZbW9FKe/14IYAlPbC8iH25YarEQxZL+E8VW7Mi7kfQrDQ=="
    },
    "react-dom": {
      "version": "16.2.0",
      "resolved": "https://registry.npmjs.org/react-dom/-/react-dom-16.2.0.tgz",
      "integrity": "sha512-zpGAdwHVn9K0091d+hr+R0qrjoJ84cIBFL2uU60KvWBPfZ7LPSrfqviTxGHWN0sjPZb2hxWzMexwrvJdKePvjg=="
    },
    "react-scripts": {
      "version": "1.1.1",
      "resolved": "https://registry.npmjs.org/react-scripts/-/react-scripts-1.1.1.tgz",
      "integrity": "sha512-71Bkg8AH/66nhXKW5WpQatKw9xhVT9gdPsB8gb8F5AaO/VDIIUZR0duD6buMeQUg/cn5vkOa9ksy1rYKLUt8EQ==",
      "dependencies": {
        "promise": {
          "version": "8.0.1",
          "resolved": "https://registry.npmjs.org/promise/-/promise-8.0.1.tgz",
          "integrity": "sha1-5F1osAoXZHttpxG/he1u1HII9FA="
        }
      }
    },
    "react-semantic-ui": {
      "version": "0.2.0",
      "resolved": "https://registry.npmjs.org/react-semantic-ui/-/react-semantic-ui-0.2.0.tgz",
      "integrity": "sha1-OxpPCp7pme/tnSaR3vJLwXyX/xQ="
    },
    "session": {
      "version": "0.1.0",
      "resolved": "https://registry.npmjs.org/session/-/session-0.1.0.tgz",
      "integrity": "sha1-aumqbyYJO+Me0gBbzUJq6AqjoIU="
    },
    "underscore": {
      "version": "1.12.1",
      "resolved": "https://registry.npmjs.org/underscore/-/underscore-1.12.1.tgz",
      "integrity": "sha512-hEQt0+ZLDVUMhebKxL4x1BTtDY7bavVofhZ9KZ4aI26X9SRaE+Y3m83XUL1UP2jn8ynjndwCCpEHdUG+9pP1Tw=="
    }
  }
}
